PODS:
  - alphax_native (1.0.0-rc.5):
    - FlutterMacOS
  - FlutterMacOS (1.0.0)

DEPENDENCIES:
  - alphax_native (from `Flutter/ephemeral/.symlinks/plugins/alphax_native/macos`)
  - FlutterMacOS (from `Flutter/ephemeral`)

EXTERNAL SOURCES:
  alphax_native:
    :path: Flutter/ephemeral/.symlinks/plugins/alphax_native/macos
  FlutterMacOS:
    :path: Flutter/ephemeral

SPEC CHECKSUMS:
  alphax_native: 9b92e0693ae556c8a7185020f64252a99344b12a
  FlutterMacOS: c232990155153907050900a2e175c7773903ba4e

PODFILE CHECKSUM: 1e95c36afbfd1cb6423ceca4de7a8e1b256fb6ac

COCOAPODS: 1.16.2
